
Microsoft Visual Studio Solution File, Format Version 12.00
# Visual Studio Version 17
VisualStudioVersion = 17.0.31903.59
MinimumVisualStudioVersion = 10.0.40219.1
Project("{FAE04EC0-301F-11D3-BF4B-00C04F79EFBC}") = "NoSQL.API", "NoSQL.API\NoSQL.API.csproj", "{CAB43000-F860-4AFA-AA93-F6EA0E36467B}"
EndProject
Project("{FAE04EC0-301F-11D3-BF4B-00C04F79EFBC}") = "NoSQL.Application", "NoSQL.Application\NoSQL.Application.csproj", "{143DE5AE-5FF6-4E28-9347-CFB4B1225ECD}"
EndProject
Project("{FAE04EC0-301F-11D3-BF4B-00C04F79EFBC}") = "NoSQL.Domain", "NoSQL.Domain\NoSQL.Domain.csproj", "{4DAC78D1-264D-4C8E-836C-5677181D3C07}"
EndProject
Project("{FAE04EC0-301F-11D3-BF4B-00C04F79EFBC}") = "NoSQL.Infrastructure", "NoSQL.Infrastructure\NoSQL.Infrastructure.csproj", "{58645751-E3F4-4D40-AF75-E2C76C86C257}"
EndProject
Global
	GlobalSection(SolutionConfigurationPlatforms) = preSolution
		Debug|Any CPU = Debug|Any CPU
		Release|Any CPU = Release|Any CPU
	EndGlobalSection
	GlobalSection(SolutionProperties) = preSolution
		HideSolutionNode = FALSE
	EndGlobalSection
	GlobalSection(ProjectConfigurationPlatforms) = postSolution
		{CAB43000-F860-4AFA-AA93-F6EA0E36467B}.Debug|Any CPU.ActiveCfg = Debug|Any CPU
		{CAB43000-F860-4AFA-AA93-F6EA0E36467B}.Debug|Any CPU.Build.0 = Debug|Any CPU
		{CAB43000-F860-4AFA-AA93-F6EA0E36467B}.Release|Any CPU.ActiveCfg = Release|Any CPU
		{CAB43000-F860-4AFA-AA93-F6EA0E36467B}.Release|Any CPU.Build.0 = Release|Any CPU
		{143DE5AE-5FF6-4E28-9347-CFB4B1225ECD}.Debug|Any CPU.ActiveCfg = Debug|Any CPU
		{143DE5AE-5FF6-4E28-9347-CFB4B1225ECD}.Debug|Any CPU.Build.0 = Debug|Any CPU
		{143DE5AE-5FF6-4E28-9347-CFB4B1225ECD}.Release|Any CPU.ActiveCfg = Release|Any CPU
		{143DE5AE-5FF6-4E28-9347-CFB4B1225ECD}.Release|Any CPU.Build.0 = Release|Any CPU
		{4DAC78D1-264D-4C8E-836C-5677181D3C07}.Debug|Any CPU.ActiveCfg = Debug|Any CPU
		{4DAC78D1-264D-4C8E-836C-5677181D3C07}.Debug|Any CPU.Build.0 = Debug|Any CPU
		{4DAC78D1-264D-4C8E-836C-5677181D3C07}.Release|Any CPU.ActiveCfg = Release|Any CPU
		{4DAC78D1-264D-4C8E-836C-5677181D3C07}.Release|Any CPU.Build.0 = Release|Any CPU
		{58645751-E3F4-4D40-AF75-E2C76C86C257}.Debug|Any CPU.ActiveCfg = Debug|Any CPU
		{58645751-E3F4-4D40-AF75-E2C76C86C257}.Debug|Any CPU.Build.0 = Debug|Any CPU
		{58645751-E3F4-4D40-AF75-E2C76C86C257}.Release|Any CPU.ActiveCfg = Release|Any CPU
		{58645751-E3F4-4D40-AF75-E2C76C86C257}.Release|Any CPU.Build.0 = Release|Any CPU
	EndGlobalSection
EndGlobal
